{
  "requires": true,
  "lockfileVersion": 1,
  "dependencies": {
    "nanoreset": {
      "version": "5.0.0",
      "resolved": "https://registry.npmjs.org/nanoreset/-/nanoreset-5.0.0.tgz",
      "integrity": "sha512-1At7dD6IEbDfvGpr1CtzbKXSb/h8NWLq5Av2m7cJU/U5DG5h2HzuhNryzksigFcHDVyn9XJehLPBXkiw1rbgcA=="
    }
  }
}
